// !$*UTF8*$!
{
	archiveVersion = 1;
	classes = {
	};
	objectVersion = 56;
	objects = {

/* Begin PBXBuildFile section */
		506BDDE2299E397600239C2F /* AppDelegate.swift in Sources */ = {isa = PBXBuildFile; fileRef = 506BDDE1299E397600239C2F /* AppDelegate.swift */; };
		506BDDE4299E397600239C2F /* art.scnassets in Resources */ = {isa = PBXBuildFile; fileRef = 506BDDE3299E397600239C2F /* art.scnassets */; };
		506BDDE6299E397600239C2F /* ViewController.swift in Sources */ = {isa = PBXBuildFile; fileRef = 506BDDE5299E397600239C2F /* ViewController.swift */; };
		506BDDEB299E397800239C2F /* Assets.xcassets in Resources */ = {isa = PBXBuildFile; fileRef = 506BDDEA299E397800239C2F /* Assets.xcassets */; };
		506BDDEE299E397800239C2F /* LaunchScreen.storyboard in Resources */ = {isa = PBXBuildFile; fileRef = 506BDDEC299E397800239C2F /* LaunchScreen.storyboard */; };
		506BDDF5299E39A000239C2F /* Grid.swift in Sources */ = {isa = PBXBuildFile; fileRef = 506BDDF4299E39A000239C2F /* Grid.swift */; };
		50B40871299F66F900EE25B7 /* Main.storyboard in Resources */ = {isa = PBXBuildFile; fileRef = 50B40870299F66F900EE25B7 /* Main.storyboard */; };
		50D375E0299F4D12003171C6 /* video.mp4 in Resources */ = {isa = PBXBuildFile; fileRef = 50D375DC299F4A3D003171C6 /* video.mp4 */; };
/* End PBXBuildFile section */

/* Begin PBXFileReference section */
		506BDDDE299E397600239C2F /* ARKitTVprojection.app */ = {isa = PBXFileReference; explicitFileType = wrapper.application; includeInIndex = 0; path = ARKitTVprojection.app; sourceTree = BUILT_PRODUCTS_DIR; };
		506BDDE1299E397600239C2F /* AppDelegate.swift */ = {isa = PBXFileReference; lastKnownFileType = sourcecode.swift; path = AppDelegate.swift; sourceTree = "<group>"; };
		506BDDE3299E397600239C2F /* art.scnassets */ = {isa = PBXFileReference; lastKnownFileType = wrapper.scnassets; path = art.scnassets; sourceTree = "<group>"; };
		506BDDE5299E397600239C2F /* ViewController.swift */ = {isa = PBXFileReference; lastKnownFileType = sourcecode.swift; path = ViewController.swift; sourceTree = "<group>"; };
		506BDDEA299E397800239C2F /* Assets.xcassets */ = {isa = PBXFileReference; lastKnownFileType = folder.assetcatalog; path = Assets.xcassets; sourceTree = "<group>"; };
		506BDDED299E397800239C2F /* Base */ = {isa = PBXFileReference; lastKnownFileType = file.storyboard; name = Base; path = Base.lproj/LaunchScreen.storyboard; sourceTree = "<group>"; };
		506BDDF4299E39A000239C2F /* Grid.swift */ = {isa = PBXFileReference; fileEncoding = 4; lastKnownFileType = sourcecode.swift; path = Grid.swift; sourceTree = "<group>"; };
		50B40870299F66F900EE25B7 /* Main.storyboard */ = {isa = PBXFileReference; fileEncoding = 4; lastKnownFileType = file.storyboard; name = Main.storyboard; path = ../../../../Main.storyboard; sourceTree = "<group>"; };
		50D375DC299F4A3D003171C6 /* video.mp4 */ = {isa = PBXFileReference; explicitFileType = video.quicktime; path = video.mp4; sourceTree = "<group>"; };
/* End PBXFileReference section */

/* Begin PBXFrameworksBuildPhase section */
		506BDDDB299E397600239C2F /* Frameworks */ = {
			isa = PBXFrameworksBuildPhase;
			buildActionMask = 2147483647;
			files = (
			);
			runOnlyForDeploymentPostprocessing = 0;
		};
/* End PBXFrameworksBuildPhase section */

/* Begin PBXGroup section */
		506BDDD5299E397600239C2F = {
			isa = PBXGroup;
			children = (
				506BDDE0299E397600239C2F /* ARKitTVprojection */,
				506BDDDF299E397600239C2F /* Products */,
			);
			sourceTree = "<group>";
		};
		506BDDDF299E397600239C2F /* Products */ = {
			isa = PBXGroup;
			children = (
				506BDDDE299E397600239C2F /* ARKitTVprojection.app */,
			);
			name = Products;
			sourceTree = "<group>";
		};
		506BDDE0299E397600239C2F /* ARKitTVprojection */ = {
			isa = PBXGroup;
			children = (
				506EB878299F65FC00E460F5 /* Sources */,
				506EB877299F65A900E460F5 /* Resources */,
			);
			path = ARKitTVprojection;
			sourceTree = "<group>";
		};
		506EB877299F65A900E460F5 /* Resources */ = {
			isa = PBXGroup;
			children = (
				506BDDEC299E397800239C2F /* LaunchScreen.storyboard */,
				506BDDEA299E397800239C2F /* Assets.xcassets */,
				50D375DC299F4A3D003171C6 /* video.mp4 */,
			);
			path = Resources;
			sourceTree = "<group>";
		};
		506EB878299F65FC00E460F5 /* Sources */ = {
			isa = PBXGroup;
			children = (
				506EB879299F660D00E460F5 /* Module */,
				506EB87A299F662500E460F5 /* Supporting */,
			);
			path = Sources;
			sourceTree = "<group>";
		};
		506EB879299F660D00E460F5 /* Module */ = {
			isa = PBXGroup;
			children = (
				506EB87C299F664200E460F5 /* MainScreen */,
			);
			path = Module;
			sourceTree = "<group>";
		};
		506EB87A299F662500E460F5 /* Supporting */ = {
			isa = PBXGroup;
			children = (
				506EB87B299F662B00E460F5 /* Application */,
			);
			path = Supporting;
			sourceTree = "<group>";
		};
		506EB87B299F662B00E460F5 /* Application */ = {
			isa = PBXGroup;
			children = (
				506BDDE1299E397600239C2F /* AppDelegate.swift */,
			);
			path = Application;
			sourceTree = "<group>";
		};
		506EB87C299F664200E460F5 /* MainScreen */ = {
			isa = PBXGroup;
			children = (
				506EB87D299F664800E460F5 /* View */,
				506EB87E299F664D00E460F5 /* Controller */,
			);
			path = MainScreen;
			sourceTree = "<group>";
		};
		506EB87D299F664800E460F5 /* View */ = {
			isa = PBXGroup;
			children = (
				50B40870299F66F900EE25B7 /* Main.storyboard */,
				506BDDE3299E397600239C2F /* art.scnassets */,
			);
			path = View;
			sourceTree = "<group>";
		};
		506EB87E299F664D00E460F5 /* Controller */ = {
			isa = PBXGroup;
			children = (
				506BDDE5299E397600239C2F /* ViewController.swift */,
				506BDDF4299E39A000239C2F /* Grid.swift */,
			);
			path = Controller;
			sourceTree = "<group>";
		};
/* End PBXGroup section */

/* Begin PBXNativeTarget section */
		506BDDDD299E397600239C2F /* ARKitTVprojection */ = {
			isa = PBXNativeTarget;
			buildConfigurationList = 506BDDF1299E397800239C2F /* Build configuration list for PBXNativeTarget "ARKitTVprojection" */;
			buildPhases = (
				506BDDDA299E397600239C2F /* Sources */,
				506BDDDB299E397600239C2F /* Frameworks */,
				506BDDDC299E397600239C2F /* Resources */,
			);
			buildRules = (
			);
			dependencies = (
			);
			name = ARKitTVprojection;
			productName = ARKitTVprojection;
			productReference = 506BDDDE299E397600239C2F /* ARKitTVprojection.app */;
			productType = "com.apple.product-type.application";
		};
/* End PBXNativeTarget section */

/* Begin PBXProject section */
		506BDDD6299E397600239C2F /* Project object */ = {
			isa = PBXProject;
			attributes = {
				BuildIndependentTargetsInParallel = 1;
				LastSwiftUpdateCheck = 1410;
				LastUpgradeCheck = 1410;
				TargetAttributes = {
					506BDDDD299E397600239C2F = {
						CreatedOnToolsVersion = 14.1;
					};
				};
			};
			buildConfigurationList = 506BDDD9299E397600239C2F /* Build configuration list for PBXProject "ARKitTVprojection" */;
			compatibilityVersion = "Xcode 14.0";
			developmentRegion = en;
			hasScannedForEncodings = 0;
			knownRegions = (
				en,
				Base,
			);
			mainGroup = 506BDDD5299E397600239C2F;
			productRefGroup = 506BDDDF299E397600239C2F /* Products */;
			projectDirPath = "";
			projectRoot = "";
			targets = (
				506BDDDD299E397600239C2F /* ARKitTVprojection */,
			);
		};
/* End PBXProject section */

/* Begin PBXResourcesBuildPhase section */
		506BDDDC299E397600239C2F /* Resources */ = {
			isa = PBXResourcesBuildPhase;
			buildActionMask = 2147483647;
			files = (
				506BDDE4299E397600239C2F /* art.scnassets in Resources */,
				50B40871299F66F900EE25B7 /* Main.storyboard in Resources */,
				50D375E0299F4D12003171C6 /* video.mp4 in Resources */,
				506BDDEE299E397800239C2F /* LaunchScreen.storyboard in Resources */,
				506BDDEB299E397800239C2F /* Assets.xcassets in Resources */,
			);
			runOnlyForDeploymentPostprocessing = 0;
		};
/* End PBXResourcesBuildPhase section */

/* Begin PBXSourcesBuildPhase section */
		506BDDDA299E397600239C2F /* Sources */ = {
			isa = PBXSourcesBuildPhase;
			buildActionMask = 2147483647;
			files = (
				506BDDE6299E397600239C2F /* ViewController.swift in Sources */,
				506BDDE2299E397600239C2F /* AppDelegate.swift in Sources */,
				506BDDF5299E39A000239C2F /* Grid.swift in Sources */,
			);
			runOnlyForDeploymentPostprocessing = 0;
		};
/* End PBXSourcesBuildPhase section */

/* Begin PBXVariantGroup section */
		506BDDEC299E397800239C2F /* LaunchScreen.storyboard */ = {
			isa = PBXVariantGroup;
			children = (
				506BDDED299E397800239C2F /* Base */,
			);
			name = LaunchScreen.storyboard;
			sourceTree = "<group>";
		};
/* End PBXVariantGroup section */

/* Begin XCBuildConfiguration section */
		506BDDEF299E397800239C2F /* Debug */ = {
			isa = XCBuildConfiguration;
			buildSettings = {
				ALWAYS_SEARCH_USER_PATHS = NO;
				CLANG_ANALYZER_NONNULL = YES;
				CLANG_ANALYZER_NUMBER_OBJECT_CONVERSION = YES_AGGRESSIVE;
				CLANG_CXX_LANGUAGE_STANDARD = "gnu++20";
				CLANG_ENABLE_MODULES = YES;
				CLANG_ENABLE_OBJC_ARC = YES;
				CLANG_ENABLE_OBJC_WEAK = YES;
				CLANG_WARN_BLOCK_CAPTURE_AUTORELEASING = YES;
				CLANG_WARN_BOOL_CONVERSION = YES;
				CLANG_WARN_COMMA = YES;
				CLANG_WARN_CONSTANT_CONVERSION = YES;
				CLANG_WARN_DEPRECATED_OBJC_IMPLEMENTATIONS = YES;
				CLANG_WARN_DIRECT_OBJC_ISA_USAGE = YES_ERROR;
				CLANG_WARN_DOCUMENTATION_COMMENTS = YES;
				CLANG_WARN_EMPTY_BODY = YES;
				CLANG_WARN_ENUM_CONVERSION = YES;
				CLANG_WARN_INFINITE_RECURSION = YES;
				CLANG_WARN_INT_CONVERSION = YES;
				CLANG_WARN_NON_LITERAL_NULL_CONVERSION = YES;
				CLANG_WARN_OBJC_IMPLICIT_RETAIN_SELF = YES;
				CLANG_WARN_OBJC_LITERAL_CONVERSION = YES;
				CLANG_WARN_OBJC_ROOT_CLASS = YES_ERROR;
				CLANG_WARN_QUOTED_INCLUDE_IN_FRAMEWORK_HEADER = YES;
				CLANG_WARN_RANGE_LOOP_ANALYSIS = YES;
				CLANG_WARN_STRICT_PROTOTYPES = YES;
				CLANG_WARN_SUSPICIOUS_MOVE = YES;
				CLANG_WARN_UNGUARDED_AVAILABILITY = YES_AGGRESSIVE;
				CLANG_WARN_UNREACHABLE_CODE = YES;
				CLANG_WARN__DUPLICATE_METHOD_MATCH = YES;
				COPY_PHASE_STRIP = NO;
				DEBUG_INFORMATION_FORMAT = dwarf;
				ENABLE_STRICT_OBJC_MSGSEND = YES;
				ENABLE_TESTABILITY = YES;
				GCC_C_LANGUAGE_STANDARD = gnu11;
				GCC_DYNAMIC_NO_PIC = NO;
				GCC_NO_COMMON_BLOCKS = YES;
				GCC_OPTIMIZATION_LEVEL = 0;
				GCC_PREPROCESSOR_DEFINITIONS = (
					"DEBUG=1",
					"$(inherited)",
				);
				GCC_WARN_64_TO_32_BIT_CONVERSION = YES;
				GCC_WARN_ABOUT_RETURN_TYPE = YES_ERROR;
				GCC_WARN_UNDECLARED_SELECTOR = YES;
				GCC_WARN_UNINITIALIZED_AUTOS = YES_AGGRESSIVE;
				GCC_WARN_UNUSED_FUNCTION = YES;
				GCC_WARN_UNUSED_VARIABLE = YES;
				IPHONEOS_DEPLOYMENT_TARGET = 16.1;
				MTL_ENABLE_DEBUG_INFO = INCLUDE_SOURCE;
				MTL_FAST_MATH = YES;
				ONLY_ACTIVE_ARCH = YES;
				SDKROOT = iphoneos;
				SWIFT_ACTIVE_COMPILATION_CONDITIONS = DEBUG;
				SWIFT_OPTIMIZATION_LEVEL = "-Onone";
			};
			name = Debug;
		};
		506BDDF0299E397800239C2F /* Release */ = {
			isa = XCBuildConfiguration;
			buildSettings = {
				ALWAYS_SEARCH_USER_PATHS = NO;
				CLANG_ANALYZER_NONNULL = YES;
				CLANG_ANALYZER_NUMBER_OBJECT_CONVERSION = YES_AGGRESSIVE;
				CLANG_CXX_LANGUAGE_STANDARD = "gnu++20";
				CLANG_ENABLE_MODULES = YES;
				CLANG_ENABLE_OBJC_ARC = YES;
				CLANG_ENABLE_OBJC_WEAK = YES;
				CLANG_WARN_BLOCK_CAPTURE_AUTORELEASING = YES;
				CLANG_WARN_BOOL_CONVERSION = YES;
				CLANG_WARN_COMMA = YES;
				CLANG_WARN_CONSTANT_CONVERSION = YES;
				CLANG_WARN_DEPRECATED_OBJC_IMPLEMENTATIONS = YES;
				CLANG_WARN_DIRECT_OBJC_ISA_USAGE = YES_ERROR;
				CLANG_WARN_DOCUMENTATION_COMMENTS = YES;
				CLANG_WARN_EMPTY_BODY = YES;
				CLANG_WARN_ENUM_CONVERSION = YES;
				CLANG_WARN_INFINITE_RECURSION = YES;
				CLANG_WARN_INT_CONVERSION = YES;
				CLANG_WARN_NON_LITERAL_NULL_CONVERSION = YES;
				CLANG_WARN_OBJC_IMPLICIT_RETAIN_SELF = YES;
				CLANG_WARN_OBJC_LITERAL_CONVERSION = YES;
				CLANG_WARN_OBJC_ROOT_CLASS = YES_ERROR;
				CLANG_WARN_QUOTED_INCLUDE_IN_FRAMEWORK_HEADER = YES;
				CLANG_WARN_RANGE_LOOP_ANALYSIS = YES;
				CLANG_WARN_STRICT_PROTOTYPES = YES;
				CLANG_WARN_SUSPICIOUS_MOVE = YES;
				CLANG_WARN_UNGUARDED_AVAILABILITY = YES_AGGRESSIVE;
				CLANG_WARN_UNREACHABLE_CODE = YES;
				CLANG_WARN__DUPLICATE_METHOD_MATCH = YES;
				COPY_PHASE_STRIP = NO;
				DEBUG_INFORMATION_FORMAT = "dwarf-with-dsym";
				ENABLE_NS_ASSERTIONS = NO;
				ENABLE_STRICT_OBJC_MSGSEND = YES;
				GCC_C_LANGUAGE_STANDARD = gnu11;
				GCC_NO_COMMON_BLOCKS = YES;
				GCC_WARN_64_TO_32_BIT_CONVERSION = YES;
				GCC_WARN_ABOUT_RETURN_TYPE = YES_ERROR;
				GCC_WARN_UNDECLARED_SELECTOR = YES;
				GCC_WARN_UNINITIALIZED_AUTOS = YES_AGGRESSIVE;
				GCC_WARN_UNUSED_FUNCTION = YES;
				GCC_WARN_UNUSED_VARIABLE = YES;
				IPHONEOS_DEPLOYMENT_TARGET = 16.1;
				MTL_ENABLE_DEBUG_INFO = NO;
				MTL_FAST_MATH = YES;
				SDKROOT = iphoneos;
				SWIFT_COMPILATION_MODE = wholemodule;
				SWIFT_OPTIMIZATION_LEVEL = "-O";
				VALIDATE_PRODUCT = YES;
			};
			name = Release;
		};
		506BDDF2299E397800239C2F /* Debug */ = {
			isa = XCBuildConfiguration;
			buildSettings = {
				ASSETCATALOG_COMPILER_APPICON_NAME = AppIcon;
				ASSETCATALOG_COMPILER_GLOBAL_ACCENT_COLOR_NAME = AccentColor;
				CODE_SIGN_STYLE = Automatic;
				CURRENT_PROJECT_VERSION = 1;
				DEVELOPMENT_TEAM = 53J92LZ5NM;
				GENERATE_INFOPLIST_FILE = YES;
				INFOPLIST_KEY_NSCameraUsageDescription = "";
				INFOPLIST_KEY_UIApplicationSupportsIndirectInputEvents = YES;
				INFOPLIST_KEY_UILaunchStoryboardName = LaunchScreen;
				INFOPLIST_KEY_UIMainStoryboardFile = Main;
				INFOPLIST_KEY_UIRequiredDeviceCapabilities = arkit;
				INFOPLIST_KEY_UIStatusBarHidden = YES;
				INFOPLIST_KEY_UISupportedInterfaceOrientations_iPad = "UIInterfaceOrientationPortrait UIInterfaceOrientationPortraitUpsideDown UIInterfaceOrientationLandscapeLeft UIInterfaceOrientationLandscapeRight";
				INFOPLIST_KEY_UISupportedInterfaceOrientations_iPhone = "UIInterfaceOrientationPortrait UIInterfaceOrientationLandscapeLeft UIInterfaceOrientationLandscapeRight";
				LD_RUNPATH_SEARCH_PATHS = (
					"$(inherited)",
					"@executable_path/Frameworks",
				);
				MARKETING_VERSION = 1.0;
				PRODUCT_BUNDLE_IDENTIFIER = KosyakovAlexander.ARKitTVprojection;
				PRODUCT_NAME = "$(TARGET_NAME)";
				SWIFT_EMIT_LOC_STRINGS = YES;
				SWIFT_VERSION = 5.0;
				TARGETED_DEVICE_FAMILY = "1,2";
			};
			name = Debug;
		};
		506BDDF3299E397800239C2F /* Release */ = {
			isa = XCBuildConfiguration;
			buildSettings = {
				ASSETCATALOG_COMPILER_APPICON_NAME = AppIcon;
				ASSETCATALOG_COMPILER_GLOBAL_ACCENT_COLOR_NAME = AccentColor;
				CODE_SIGN_STYLE = Automatic;
				CURRENT_PROJECT_VERSION = 1;
				DEVELOPMENT_TEAM = 53J92LZ5NM;
				GENERATE_INFOPLIST_FILE = YES;
				INFOPLIST_KEY_NSCameraUsageDescription = "";
				INFOPLIST_KEY_UIApplicationSupportsIndirectInputEvents = YES;
				INFOPLIST_KEY_UILaunchStoryboardName = LaunchScreen;
				INFOPLIST_KEY_UIMainStoryboardFile = Main;
				INFOPLIST_KEY_UIRequiredDeviceCapabilities = arkit;
				INFOPLIST_KEY_UIStatusBarHidden = YES;
				INFOPLIST_KEY_UISupportedInterfaceOrientations_iPad = "UIInterfaceOrientationPortrait UIInterfaceOrientationPortraitUpsideDown UIInterfaceOrientationLandscapeLeft UIInterfaceOrientationLandscapeRight";
				INFOPLIST_KEY_UISupportedInterfaceOrientations_iPhone = "UIInterfaceOrientationPortrait UIInterfaceOrientationLandscapeLeft UIInterfaceOrientationLandscapeRight";
				LD_RUNPATH_SEARCH_PATHS = (
					"$(inherited)",
					"@executable_path/Frameworks",
				);
				MARKETING_VERSION = 1.0;
				PRODUCT_BUNDLE_IDENTIFIER = KosyakovAlexander.ARKitTVprojection;
				PRODUCT_NAME = "$(TARGET_NAME)";
				SWIFT_EMIT_LOC_STRINGS = YES;
				SWIFT_VERSION = 5.0;
				TARGETED_DEVICE_FAMILY = "1,2";
			};
			name = Release;
		};
/* End XCBuildConfiguration section */

/* Begin XCConfigurationList section */
		506BDDD9299E397600239C2F /* Build configuration list for PBXProject "ARKitTVprojection" */ = {
			isa = XCConfigurationList;
			buildConfigurations = (
				506BDDEF299E397800239C2F /* Debug */,
				506BDDF0299E397800239C2F /* Release */,
			);
			defaultConfigurationIsVisible = 0;
			defaultConfigurationName = Release;
		};
		506BDDF1299E397800239C2F /* Build configuration list for PBXNativeTarget "ARKitTVprojection" */ = {
			isa = XCConfigurationList;
			buildConfigurations = (
				506BDDF2299E397800239C2F /* Debug */,
				506BDDF3299E397800239C2F /* Release */,
			);
			defaultConfigurationIsVisible = 0;
			defaultConfigurationName = Release;
		};
/* End XCConfigurationList section */
	};
	rootObject = 506BDDD6299E397600239C2F /* Project object */;
}
